// !$*UTF8*$!
{
	archiveVersion = 1;
	classes = {
	};
	objectVersion = 46;
	objects = {

/* Begin PBXBuildFile section */
		B20768EF1945AB39000E7767 /* Foundation.framework in Frameworks */ = {isa = PBXBuildFile; fileRef = B20768EE1945AB39000E7767 /* Foundation.framework */; };
		B20768F11945AB39000E7767 /* CoreGraphics.framework in Frameworks */ = {isa = PBXBuildFile; fileRef = B20768F01945AB39000E7767 /* CoreGraphics.framework */; };
		B20768F31945AB39000E7767 /* UIKit.framework in Frameworks */ = {isa = PBXBuildFile; fileRef = B20768F21945AB39000E7767 /* UIKit.framework */; };
		B20768F91945AB39000E7767 /* InfoPlist.strings in Resources */ = {isa = PBXBuildFile; fileRef = B20768F71945AB39000E7767 /* InfoPlist.strings */; };
		B20768FB1945AB39000E7767 /* main.m in Sources */ = {isa = PBXBuildFile; fileRef = B20768FA1945AB39000E7767 /* main.m */; };
		B20768FF1945AB39000E7767 /* AppDelegate.m in Sources */ = {isa = PBXBuildFile; fileRef = B20768FE1945AB39000E7767 /* AppDelegate.m */; };
		B20769011945AB39000E7767 /* Images.xcassets in Resources */ = {isa = PBXBuildFile; fileRef = B20769001945AB39000E7767 /* Images.xcassets */; };
		B20769081945AB39000E7767 /* XCTest.framework in Frameworks */ = {isa = PBXBuildFile; fileRef = B20769071945AB39000E7767 /* XCTest.framework */; };
		B20769091945AB39000E7767 /* Foundation.framework in Frameworks */ = {isa = PBXBuildFile; fileRef = B20768EE1945AB39000E7767 /* Foundation.framework */; };
		B207690A1945AB39000E7767 /* UIKit.framework in Frameworks */ = {isa = PBXBuildFile; fileRef = B20768F21945AB39000E7767 /* UIKit.framework */; };
		B20769121945AB3A000E7767 /* InfoPlist.strings in Resources */ = {isa = PBXBuildFile; fileRef = B20769101945AB39000E7767 /* InfoPlist.strings */; };
		B20769141945AB3A000E7767 /* UITweenTests.m in Sources */ = {isa = PBXBuildFile; fileRef = B20769131945AB3A000E7767 /* UITweenTests.m */; };
		B207691F1945AB51000E7767 /* UITween.m in Sources */ = {isa = PBXBuildFile; fileRef = B207691E1945AB51000E7767 /* UITween.m */; };
		B20769221945AB62000E7767 /* TestViewController.m in Sources */ = {isa = PBXBuildFile; fileRef = B20769211945AB62000E7767 /* TestViewController.m */; };
/* End PBXBuildFile section */

/* Begin PBXContainerItemProxy section */
		B207690B1945AB39000E7767 /* PBXContainerItemProxy */ = {
			isa = PBXContainerItemProxy;
			containerPortal = B20768E31945AB39000E7767 /* Project object */;
			proxyType = 1;
			remoteGlobalIDString = B20768EA1945AB39000E7767;
			remoteInfo = UITween;
		};
/* End PBXContainerItemProxy section */

/* Begin PBXFileReference section */
		B20768EB1945AB39000E7767 /* UITween.app */ = {isa = PBXFileReference; explicitFileType = wrapper.application; includeInIndex = 0; path = UITween.app; sourceTree = BUILT_PRODUCTS_DIR; };
		B20768EE1945AB39000E7767 /* Foundation.framework */ = {isa = PBXFileReference; lastKnownFileType = wrapper.framework; name = Foundation.framework; path = System/Library/Frameworks/Foundation.framework; sourceTree = SDKROOT; };
		B20768F01945AB39000E7767 /* CoreGraphics.framework */ = {isa = PBXFileReference; lastKnownFileType = wrapper.framework; name = CoreGraphics.framework; path = System/Library/Frameworks/CoreGraphics.framework; sourceTree = SDKROOT; };
		B20768F21945AB39000E7767 /* UIKit.framework */ = {isa = PBXFileReference; lastKnownFileType = wrapper.framework; name = UIKit.framework; path = System/Library/Frameworks/UIKit.framework; sourceTree = SDKROOT; };
		B20768F61945AB39000E7767 /* UITween-Info.plist */ = {isa = PBXFileReference; lastKnownFileType = text.plist.xml; path = "UITween-Info.plist"; sourceTree = "<group>"; };
		B20768F81945AB39000E7767 /* en */ = {isa = PBXFileReference; lastKnownFileType = text.plist.strings; name = en; path = en.lproj/InfoPlist.strings; sourceTree = "<group>"; };
		B20768FA1945AB39000E7767 /* main.m */ = {isa = PBXFileReference; lastKnownFileType = sourcecode.c.objc; path = main.m; sourceTree = "<group>"; };
		B20768FC1945AB39000E7767 /* UITween-Prefix.pch */ = {isa = PBXFileReference; lastKnownFileType = sourcecode.c.h; path = "UITween-Prefix.pch"; sourceTree = "<group>"; };
		B20768FD1945AB39000E7767 /* AppDelegate.h */ = {isa = PBXFileReference; lastKnownFileType = sourcecode.c.h; path = AppDelegate.h; sourceTree = "<group>"; };
		B20768FE1945AB39000E7767 /* AppDelegate.m */ = {isa = PBXFileReference; lastKnownFileType = sourcecode.c.objc; path = AppDelegate.m; sourceTree = "<group>"; };
		B20769001945AB39000E7767 /* Images.xcassets */ = {isa = PBXFileReference; lastKnownFileType = folder.assetcatalog; path = Images.xcassets; sourceTree = "<group>"; };
		B20769061945AB39000E7767 /* UITweenTests.xctest */ = {isa = PBXFileReference; explicitFileType = wrapper.cfbundle; includeInIndex = 0; path = UITweenTests.xctest; sourceTree = BUILT_PRODUCTS_DIR; };
		B20769071945AB39000E7767 /* XCTest.framework */ = {isa = PBXFileReference; lastKnownFileType = wrapper.framework; name = XCTest.framework; path = Library/Frameworks/XCTest.framework; sourceTree = DEVELOPER_DIR; };
		B207690F1945AB39000E7767 /* UITweenTests-Info.plist */ = {isa = PBXFileReference; lastKnownFileType = text.plist.xml; path = "UITweenTests-Info.plist"; sourceTree = "<group>"; };
		B20769111945AB3A000E7767 /* en */ = {isa = PBXFileReference; lastKnownFileType = text.plist.strings; name = en; path = en.lproj/InfoPlist.strings; sourceTree = "<group>"; };
		B20769131945AB3A000E7767 /* UITweenTests.m */ = {isa = PBXFileReference; lastKnownFileType = sourcecode.c.objc; path = UITweenTests.m; sourceTree = "<group>"; };
		B207691D1945AB51000E7767 /* UITween.h */ = {isa = PBXFileReference; fileEncoding = 4; lastKnownFileType = sourcecode.c.h; path = UITween.h; sourceTree = "<group>"; };
		B207691E1945AB51000E7767 /* UITween.m */ = {isa = PBXFileReference; fileEncoding = 4; lastKnownFileType = sourcecode.c.objc; path = UITween.m; sourceTree = "<group>"; };
		B20769201945AB62000E7767 /* TestViewController.h */ = {isa = PBXFileReference; fileEncoding = 4; lastKnownFileType = sourcecode.c.h; path = TestViewController.h; sourceTree = "<group>"; };
		B20769211945AB62000E7767 /* TestViewController.m */ = {isa = PBXFileReference; fileEncoding = 4; lastKnownFileType = sourcecode.c.objc; path = TestViewController.m; sourceTree = "<group>"; };
/* End PBXFileReference section */

/* Begin PBXFrameworksBuildPhase section */
		B20768E81945AB39000E7767 /* Frameworks */ = {
			isa = PBXFrameworksBuildPhase;
			buildActionMask = 2147483647;
			files = (
				B20768F11945AB39000E7767 /* CoreGraphics.framework in Frameworks */,
				B20768F31945AB39000E7767 /* UIKit.framework in Frameworks */,
				B20768EF1945AB39000E7767 /* Foundation.framework in Frameworks */,
			);
			runOnlyForDeploymentPostprocessing = 0;
		};
		B20769031945AB39000E7767 /* Frameworks */ = {
			isa = PBXFrameworksBuildPhase;
			buildActionMask = 2147483647;
			files = (
				B20769081945AB39000E7767 /* XCTest.framework in Frameworks */,
				B207690A1945AB39000E7767 /* UIKit.framework in Frameworks */,
				B20769091945AB39000E7767 /* Foundation.framework in Frameworks */,
			);
			runOnlyForDeploymentPostprocessing = 0;
		};
/* End PBXFrameworksBuildPhase section */

/* Begin PBXGroup section */
		B20768E21945AB39000E7767 = {
			isa = PBXGroup;
			children = (
				B20768F41945AB39000E7767 /* UITween */,
				B207690D1945AB39000E7767 /* UITweenTests */,
				B20768ED1945AB39000E7767 /* Frameworks */,
				B20768EC1945AB39000E7767 /* Products */,
			);
			sourceTree = "<group>";
		};
		B20768EC1945AB39000E7767 /* Products */ = {
			isa = PBXGroup;
			children = (
				B20768EB1945AB39000E7767 /* UITween.app */,
				B20769061945AB39000E7767 /* UITweenTests.xctest */,
			);
			name = Products;
			sourceTree = "<group>";
		};
		B20768ED1945AB39000E7767 /* Frameworks */ = {
			isa = PBXGroup;
			children = (
				B20768EE1945AB39000E7767 /* Foundation.framework */,
				B20768F01945AB39000E7767 /* CoreGraphics.framework */,
				B20768F21945AB39000E7767 /* UIKit.framework */,
				B20769071945AB39000E7767 /* XCTest.framework */,
			);
			name = Frameworks;
			sourceTree = "<group>";
		};
		B20768F41945AB39000E7767 /* UITween */ = {
			isa = PBXGroup;
			children = (
				B20768FD1945AB39000E7767 /* AppDelegate.h */,
				B20768FE1945AB39000E7767 /* AppDelegate.m */,
				B20769001945AB39000E7767 /* Images.xcassets */,
				B20768F51945AB39000E7767 /* Supporting Files */,
				B207691D1945AB51000E7767 /* UITween.h */,
				B207691E1945AB51000E7767 /* UITween.m */,
				B20769201945AB62000E7767 /* TestViewController.h */,
				B20769211945AB62000E7767 /* TestViewController.m */,
			);
			path = UITween;
			sourceTree = "<group>";
		};
		B20768F51945AB39000E7767 /* Supporting Files */ = {
			isa = PBXGroup;
			children = (
				B20768F61945AB39000E7767 /* UITween-Info.plist */,
				B20768F71945AB39000E7767 /* InfoPlist.strings */,
				B20768FA1945AB39000E7767 /* main.m */,
				B20768FC1945AB39000E7767 /* UITween-Prefix.pch */,
			);
			name = "Supporting Files";
			sourceTree = "<group>";
		};
		B207690D1945AB39000E7767 /* UITweenTests */ = {
			isa = PBXGroup;
			children = (
				B20769131945AB3A000E7767 /* UITweenTests.m */,
				B207690E1945AB39000E7767 /* Supporting Files */,
			);
			path = UITweenTests;
			sourceTree = "<group>";
		};
		B207690E1945AB39000E7767 /* Supporting Files */ = {
			isa = PBXGroup;
			children = (
				B207690F1945AB39000E7767 /* UITweenTests-Info.plist */,
				B20769101945AB39000E7767 /* InfoPlist.strings */,
			);
			name = "Supporting Files";
			sourceTree = "<group>";
		};
/* End PBXGroup section */

/* Begin PBXNativeTarget section */
		B20768EA1945AB39000E7767 /* UITween */ = {
			isa = PBXNativeTarget;
			buildConfigurationList = B20769171945AB3A000E7767 /* Build configuration list for PBXNativeTarget "UITween" */;
			buildPhases = (
				B20768E71945AB39000E7767 /* Sources */,
				B20768E81945AB39000E7767 /* Frameworks */,
				B20768E91945AB39000E7767 /* Resources */,
			);
			buildRules = (
			);
			dependencies = (
			);
			name = UITween;
			productName = UITween;
			productReference = B20768EB1945AB39000E7767 /* UITween.app */;
			productType = "com.apple.product-type.application";
		};
		B20769051945AB39000E7767 /* UITweenTests */ = {
			isa = PBXNativeTarget;
			buildConfigurationList = B207691A1945AB3A000E7767 /* Build configuration list for PBXNativeTarget "UITweenTests" */;
			buildPhases = (
				B20769021945AB39000E7767 /* Sources */,
				B20769031945AB39000E7767 /* Frameworks */,
				B20769041945AB39000E7767 /* Resources */,
			);
			buildRules = (
			);
			dependencies = (
				B207690C1945AB39000E7767 /* PBXTargetDependency */,
			);
			name = UITweenTests;
			productName = UITweenTests;
			productReference = B20769061945AB39000E7767 /* UITweenTests.xctest */;
			productType = "com.apple.product-type.bundle.unit-test";
		};
/* End PBXNativeTarget section */

/* Begin PBXProject section */
		B20768E31945AB39000E7767 /* Project object */ = {
			isa = PBXProject;
			attributes = {
				LastUpgradeCheck = 0510;
				ORGANIZATIONNAME = studionord;
				TargetAttributes = {
					B20769051945AB39000E7767 = {
						TestTargetID = B20768EA1945AB39000E7767;
					};
				};
			};
			buildConfigurationList = B20768E61945AB39000E7767 /* Build configuration list for PBXProject "UITween" */;
			compatibilityVersion = "Xcode 3.2";
			developmentRegion = English;
			hasScannedForEncodings = 0;
			knownRegions = (
				en,
			);
			mainGroup = B20768E21945AB39000E7767;
			productRefGroup = B20768EC1945AB39000E7767 /* Products */;
			projectDirPath = "";
			projectRoot = "";
			targets = (
				B20768EA1945AB39000E7767 /* UITween */,
				B20769051945AB39000E7767 /* UITweenTests */,
			);
		};
/* End PBXProject section */

/* Begin PBXResourcesBuildPhase section */
		B20768E91945AB39000E7767 /* Resources */ = {
			isa = PBXResourcesBuildPhase;
			buildActionMask = 2147483647;
			files = (
				B20768F91945AB39000E7767 /* InfoPlist.strings in Resources */,
				B20769011945AB39000E7767 /* Images.xcassets in Resources */,
			);
			runOnlyForDeploymentPostprocessing = 0;
		};
		B20769041945AB39000E7767 /* Resources */ = {
			isa = PBXResourcesBuildPhase;
			buildActionMask = 2147483647;
			files = (
				B20769121945AB3A000E7767 /* InfoPlist.strings in Resources */,
			);
			runOnlyForDeploymentPostprocessing = 0;
		};
/* End PBXResourcesBuildPhase section */

/* Begin PBXSourcesBuildPhase section */
		B20768E71945AB39000E7767 /* Sources */ = {
			isa = PBXSourcesBuildPhase;
			buildActionMask = 2147483647;
			files = (
				B20768FF1945AB39000E7767 /* AppDelegate.m in Sources */,
				B20768FB1945AB39000E7767 /* main.m in Sources */,
				B20769221945AB62000E7767 /* TestViewController.m in Sources */,
				B207691F1945AB51000E7767 /* UITween.m in Sources */,
			);
			runOnlyForDeploymentPostprocessing = 0;
		};
		B20769021945AB39000E7767 /* Sources */ = {
			isa = PBXSourcesBuildPhase;
			buildActionMask = 2147483647;
			files = (
				B20769141945AB3A000E7767 /* UITweenTests.m in Sources */,
			);
			runOnlyForDeploymentPostprocessing = 0;
		};
/* End PBXSourcesBuildPhase section */

/* Begin PBXTargetDependency section */
		B207690C1945AB39000E7767 /* PBXTargetDependency */ = {
			isa = PBXTargetDependency;
			target = B20768EA1945AB39000E7767 /* UITween */;
			targetProxy = B207690B1945AB39000E7767 /* PBXContainerItemProxy */;
		};
/* End PBXTargetDependency section */

/* Begin PBXVariantGroup section */
		B20768F71945AB39000E7767 /* InfoPlist.strings */ = {
			isa = PBXVariantGroup;
			children = (
				B20768F81945AB39000E7767 /* en */,
			);
			name = InfoPlist.strings;
			sourceTree = "<group>";
		};
		B20769101945AB39000E7767 /* InfoPlist.strings */ = {
			isa = PBXVariantGroup;
			children = (
				B20769111945AB3A000E7767 /* en */,
			);
			name = InfoPlist.strings;
			sourceTree = "<group>";
		};
/* End PBXVariantGroup section */

/* Begin XCBuildConfiguration section */
		B20769151945AB3A000E7767 /* Debug */ = {
			isa = XCBuildConfiguration;
			buildSettings = {
				ALWAYS_SEARCH_USER_PATHS = NO;
				CLANG_CXX_LANGUAGE_STANDARD = "gnu++0x";
				CLANG_CXX_LIBRARY = "libc++";
				CLANG_ENABLE_MODULES = YES;
				CLANG_ENABLE_OBJC_ARC = YES;
				CLANG_WARN_BOOL_CONVERSION = YES;
				CLANG_WARN_CONSTANT_CONVERSION = YES;
				CLANG_WARN_DIRECT_OBJC_ISA_USAGE = YES_ERROR;
				CLANG_WARN_EMPTY_BODY = YES;
				CLANG_WARN_ENUM_CONVERSION = YES;
				CLANG_WARN_INT_CONVERSION = YES;
				CLANG_WARN_OBJC_ROOT_CLASS = YES_ERROR;
				CLANG_WARN__DUPLICATE_METHOD_MATCH = YES;
				"CODE_SIGN_IDENTITY[sdk=iphoneos*]" = "iPhone Developer";
				COPY_PHASE_STRIP = NO;
				GCC_C_LANGUAGE_STANDARD = gnu99;
				GCC_DYNAMIC_NO_PIC = NO;
				GCC_OPTIMIZATION_LEVEL = 0;
				GCC_PREPROCESSOR_DEFINITIONS = (
					"DEBUG=1",
					"$(inherited)",
				);
				GCC_SYMBOLS_PRIVATE_EXTERN = NO;
				GCC_WARN_64_TO_32_BIT_CONVERSION = YES;
				GCC_WARN_ABOUT_RETURN_TYPE = YES_ERROR;
				GCC_WARN_UNDECLARED_SELECTOR = YES;
				GCC_WARN_UNINITIALIZED_AUTOS = YES_AGGRESSIVE;
				GCC_WARN_UNUSED_FUNCTION = YES;
				GCC_WARN_UNUSED_VARIABLE = YES;
				IPHONEOS_DEPLOYMENT_TARGET = 7.1;
				ONLY_ACTIVE_ARCH = YES;
				SDKROOT = iphoneos;
				TARGETED_DEVICE_FAMILY = "1,2";
			};
			name = Debug;
		};
		B20769161945AB3A000E7767 /* Release */ = {
			isa = XCBuildConfiguration;
			buildSettings = {
				ALWAYS_SEARCH_USER_PATHS = NO;
				CLANG_CXX_LANGUAGE_STANDARD = "gnu++0x";
				CLANG_CXX_LIBRARY = "libc++";
				CLANG_ENABLE_MODULES = YES;
				CLANG_ENABLE_OBJC_ARC = YES;
				CLANG_WARN_BOOL_CONVERSION = YES;
				CLANG_WARN_CONSTANT_CONVERSION = YES;
				CLANG_WARN_DIRECT_OBJC_ISA_USAGE = YES_ERROR;
				CLANG_WARN_EMPTY_BODY = YES;
				CLANG_WARN_ENUM_CONVERSION = YES;
				CLANG_WARN_INT_CONVERSION = YES;
				CLANG_WARN_OBJC_ROOT_CLASS = YES_ERROR;
				CLANG_WARN__DUPLICATE_METHOD_MATCH = YES;
				"CODE_SIGN_IDENTITY[sdk=iphoneos*]" = "iPhone Developer";
				COPY_PHASE_STRIP = YES;
				ENABLE_NS_ASSERTIONS = NO;
				GCC_C_LANGUAGE_STANDARD = gnu99;
				GCC_WARN_64_TO_32_BIT_CONVERSION = YES;
				GCC_WARN_ABOUT_RETURN_TYPE = YES_ERROR;
				GCC_WARN_UNDECLARED_SELECTOR = YES;
				GCC_WARN_UNINITIALIZED_AUTOS = YES_AGGRESSIVE;
				GCC_WARN_UNUSED_FUNCTION = YES;
				GCC_WARN_UNUSED_VARIABLE = YES;
				IPHONEOS_DEPLOYMENT_TARGET = 7.1;
				SDKROOT = iphoneos;
				TARGETED_DEVICE_FAMILY = "1,2";
				VALIDATE_PRODUCT = YES;
			};
			name = Release;
		};
		B20769181945AB3A000E7767 /* Debug */ = {
			isa = XCBuildConfiguration;
			buildSettings = {
				ASSETCATALOG_COMPILER_APPICON_NAME = AppIcon;
				ASSETCATALOG_COMPILER_LAUNCHIMAGE_NAME = LaunchImage;
				GCC_PRECOMPILE_PREFIX_HEADER = YES;
				GCC_PREFIX_HEADER = "UITween/UITween-Prefix.pch";
				INFOPLIST_FILE = "UITween/UITween-Info.plist";
				PRODUCT_NAME = "$(TARGET_NAME)";
				WRAPPER_EXTENSION = app;
			};
			name = Debug;
		};
		B20769191945AB3A000E7767 /* Release */ = {
			isa = XCBuildConfiguration;
			buildSettings = {
				ASSETCATALOG_COMPILER_APPICON_NAME = AppIcon;
				ASSETCATALOG_COMPILER_LAUNCHIMAGE_NAME = LaunchImage;
				GCC_PRECOMPILE_PREFIX_HEADER = YES;
				GCC_PREFIX_HEADER = "UITween/UITween-Prefix.pch";
				INFOPLIST_FILE = "UITween/UITween-Info.plist";
				PRODUCT_NAME = "$(TARGET_NAME)";
				WRAPPER_EXTENSION = app;
			};
			name = Release;
		};
		B207691B1945AB3A000E7767 /* Debug */ = {
			isa = XCBuildConfiguration;
			buildSettings = {
				BUNDLE_LOADER = "$(BUILT_PRODUCTS_DIR)/UITween.app/UITween";
				FRAMEWORK_SEARCH_PATHS = (
					"$(SDKROOT)/Developer/Library/Frameworks",
					"$(inherited)",
					"$(DEVELOPER_FRAMEWORKS_DIR)",
				);
				GCC_PRECOMPILE_PREFIX_HEADER = YES;
				GCC_PREFIX_HEADER = "UITween/UITween-Prefix.pch";
				GCC_PREPROCESSOR_DEFINITIONS = (
					"DEBUG=1",
					"$(inherited)",
				);
				INFOPLIST_FILE = "UITweenTests/UITweenTests-Info.plist";
				PRODUCT_NAME = "$(TARGET_NAME)";
				TEST_HOST = "$(BUNDLE_LOADER)";
				WRAPPER_EXTENSION = xctest;
			};
			name = Debug;
		};
		B207691C1945AB3A000E7767 /* Release */ = {
			isa = XCBuildConfiguration;
			buildSettings = {
				BUNDLE_LOADER = "$(BUILT_PRODUCTS_DIR)/UITween.app/UITween";
				FRAMEWORK_SEARCH_PATHS = (
					"$(SDKROOT)/Developer/Library/Frameworks",
					"$(inherited)",
					"$(DEVELOPER_FRAMEWORKS_DIR)",
				);
				GCC_PRECOMPILE_PREFIX_HEADER = YES;
				GCC_PREFIX_HEADER = "UITween/UITween-Prefix.pch";
				INFOPLIST_FILE = "UITweenTests/UITweenTests-Info.plist";
				PRODUCT_NAME = "$(TARGET_NAME)";
				TEST_HOST = "$(BUNDLE_LOADER)";
				WRAPPER_EXTENSION = xctest;
			};
			name = Release;
		};
/* End XCBuildConfiguration section */

/* Begin XCConfigurationList section */
		B20768E61945AB39000E7767 /* Build configuration list for PBXProject "UITween" */ = {
			isa = XCConfigurationList;
			buildConfigurations = (
				B20769151945AB3A000E7767 /* Debug */,
				B20769161945AB3A000E7767 /* Release */,
			);
			defaultConfigurationIsVisible = 0;
			defaultConfigurationName = Release;
		};
		B20769171945AB3A000E7767 /* Build configuration list for PBXNativeTarget "UITween" */ = {
			isa = XCConfigurationList;
			buildConfigurations = (
				B20769181945AB3A000E7767 /* Debug */,
				B20769191945AB3A000E7767 /* Release */,
			);
			defaultConfigurationIsVisible = 0;
		};
		B207691A1945AB3A000E7767 /* Build configuration list for PBXNativeTarget "UITweenTests" */ = {
			isa = XCConfigurationList;
			buildConfigurations = (
				B207691B1945AB3A000E7767 /* Debug */,
				B207691C1945AB3A000E7767 /* Release */,
			);
			defaultConfigurationIsVisible = 0;
		};
/* End XCConfigurationList section */
	};
	rootObject = B20768E31945AB39000E7767 /* Project object */;
}
